
Microsoft Visual Studio Solution File, Format Version 12.00
# Visual Studio Version 16
VisualStudioVersion = 16.0.31624.102
MinimumVisualStudioVersion = 10.0.40219.1
Project("{FAE04EC0-301F-11D3-BF4B-00C04F79EFBC}") = "ischoll17301b", "ischoll17301b\ischoll17301b.csproj", "{81EC9D4D-949D-4A9E-A501-FE408365F5ED}"
EndProject
Global
	GlobalSection(SolutionConfigurationPlatforms) = preSolution
		Debug|Any CPU = Debug|Any CPU
		Release|Any CPU = Release|Any CPU
	EndGlobalSection
	GlobalSection(ProjectConfigurationPlatforms) = postSolution
		{81EC9D4D-949D-4A9E-A501-FE408365F5ED}.Debug|Any CPU.ActiveCfg = Debug|Any CPU
		{81EC9D4D-949D-4A9E-A501-FE408365F5ED}.Debug|Any CPU.Build.0 = Debug|Any CPU
		{81EC9D4D-949D-4A9E-A501-FE408365F5ED}.Release|Any CPU.ActiveCfg = Release|Any CPU
		{81EC9D4D-949D-4A9E-A501-FE408365F5ED}.Release|Any CPU.Build.0 = Release|Any CPU
	EndGlobalSection
	GlobalSection(SolutionProperties) = preSolution
		HideSolutionNode = FALSE
	EndGlobalSection
	GlobalSection(ExtensibilityGlobals) = postSolution
		SolutionGuid = {045E91E9-FBE9-4FD2-939D-976FD1727BDF}
	EndGlobalSection
EndGlobal
