
Microsoft Visual Studio Solution File, Format Version 12.00
# Visual Studio Version 16
VisualStudioVersion = 16.0.31624.102
MinimumVisualStudioVersion = 10.0.40219.1
Project("{FAE04EC0-301F-11D3-BF4B-00C04F79EFBC}") = "ischoll17301b", "ischoll17301b\ischoll17301b.csproj", "{81EC9D4D-949D-4A9E-A501-FE408365F5ED}"
EndProject
Project("{FAE04EC0-301F-11D3-BF4B-00C04F79EFBC}") = "ischoll1c1", "..\ischoll1c1\ischoll1c1\ischoll1c1.csproj", "{9FED3BAD-A660-4BCB-8DB0-7CBC2EB3DAA7}"
EndProject
Project("{FAE04EC0-301F-11D3-BF4B-00C04F79EFBC}") = "ischoll1d1", "ischoll1d1\ischoll1d1.csproj", "{FE1D51E5-58DF-41C2-B0F5-BDA353DA816C}"
EndProject
Project("{FAE04EC0-301F-11D3-BF4B-00C04F79EFBC}") = "ischoll1e", "ischoll1e\ischoll1e.csproj", "{35C9BA5F-F19F-48C1-ACA5-8C9726A1887C}"
EndProject
Global
	GlobalSection(SolutionConfigurationPlatforms) = preSolution
		Debug|Any CPU = Debug|Any CPU
		Release|Any CPU = Release|Any CPU
	EndGlobalSection
	GlobalSection(ProjectConfigurationPlatforms) = postSolution
		{81EC9D4D-949D-4A9E-A501-FE408365F5ED}.Debug|Any CPU.ActiveCfg = Debug|Any CPU
		{81EC9D4D-949D-4A9E-A501-FE408365F5ED}.Debug|Any CPU.Build.0 = Debug|Any CPU
		{81EC9D4D-949D-4A9E-A501-FE408365F5ED}.Release|Any CPU.ActiveCfg = Release|Any CPU
		{81EC9D4D-949D-4A9E-A501-FE408365F5ED}.Release|Any CPU.Build.0 = Release|Any CPU
		{9FED3BAD-A660-4BCB-8DB0-7CBC2EB3DAA7}.Debug|Any CPU.ActiveCfg = Debug|Any CPU
		{9FED3BAD-A660-4BCB-8DB0-7CBC2EB3DAA7}.Debug|Any CPU.Build.0 = Debug|Any CPU
		{9FED3BAD-A660-4BCB-8DB0-7CBC2EB3DAA7}.Release|Any CPU.ActiveCfg = Release|Any CPU
		{9FED3BAD-A660-4BCB-8DB0-7CBC2EB3DAA7}.Release|Any CPU.Build.0 = Release|Any CPU
		{FE1D51E5-58DF-41C2-B0F5-BDA353DA816C}.Debug|Any CPU.ActiveCfg = Debug|Any CPU
		{FE1D51E5-58DF-41C2-B0F5-BDA353DA816C}.Debug|Any CPU.Build.0 = Debug|Any CPU
		{FE1D51E5-58DF-41C2-B0F5-BDA353DA816C}.Release|Any CPU.ActiveCfg = Release|Any CPU
		{FE1D51E5-58DF-41C2-B0F5-BDA353DA816C}.Release|Any CPU.Build.0 = Release|Any CPU
		{35C9BA5F-F19F-48C1-ACA5-8C9726A1887C}.Debug|Any CPU.ActiveCfg = Debug|Any CPU
		{35C9BA5F-F19F-48C1-ACA5-8C9726A1887C}.Debug|Any CPU.Build.0 = Debug|Any CPU
		{35C9BA5F-F19F-48C1-ACA5-8C9726A1887C}.Release|Any CPU.ActiveCfg = Release|Any CPU
		{35C9BA5F-F19F-48C1-ACA5-8C9726A1887C}.Release|Any CPU.Build.0 = Release|Any CPU
	EndGlobalSection
	GlobalSection(SolutionProperties) = preSolution
		HideSolutionNode = FALSE
	EndGlobalSection
	GlobalSection(ExtensibilityGlobals) = postSolution
		SolutionGuid = {045E91E9-FBE9-4FD2-939D-976FD1727BDF}
	EndGlobalSection
EndGlobal
